// !$*UTF8*$!
{
	archiveVersion = 1;
	classes = {
	};
	objectVersion = 46;
	objects = {

/* Begin PBXBuildFile section */
		2C7F4DE71E8D04E6003FE114 /* libiomp5.dylib in Frameworks */ = {isa = PBXBuildFile; fileRef = 2C0386561E8CFA9400EF5F36 /* libiomp5.dylib */; };
		2C84DADB1E8DA202003849EF /* main.cpp in Sources */ = {isa = PBXBuildFile; fileRef = 2C8C71EE1E882BA300F4379D /* main.cpp */; };
		2C84DAE21E8DA2BC003849EF /* sol.cpp in Sources */ = {isa = PBXBuildFile; fileRef = 2C84DAE11E8DA2BC003849EF /* sol.cpp */; };
		2C84DAF71E8DA4E5003849EF /* main.cpp in Sources */ = {isa = PBXBuildFile; fileRef = 2C84DAF61E8DA4E5003849EF /* main.cpp */; };
		2C84DAFB1E8DA547003849EF /* libiomp5.dylib in Frameworks */ = {isa = PBXBuildFile; fileRef = 2C0386561E8CFA9400EF5F36 /* libiomp5.dylib */; };
		2C84DAFC1E8DA550003849EF /* sol.cpp in Sources */ = {isa = PBXBuildFile; fileRef = 2C84DAE11E8DA2BC003849EF /* sol.cpp */; };
/* End PBXBuildFile section */

/* Begin PBXCopyFilesBuildPhase section */
		2C84DAF21E8DA4E5003849EF /* CopyFiles */ = {
			isa = PBXCopyFilesBuildPhase;
			buildActionMask = 2147483647;
			dstPath = /usr/share/man/man1/;
			dstSubfolderSpec = 0;
			files = (
			);
			runOnlyForDeploymentPostprocessing = 1;
		};
		2C8C71EA1E882BA300F4379D /* CopyFiles */ = {
			isa = PBXCopyFilesBuildPhase;
			buildActionMask = 2147483647;
			dstPath = /usr/share/man/man1/;
			dstSubfolderSpec = 0;
			files = (
			);
			runOnlyForDeploymentPostprocessing = 1;
		};
/* End PBXCopyFilesBuildPhase section */

/* Begin PBXFileReference section */
		2C0386561E8CFA9400EF5F36 /* libiomp5.dylib */ = {isa = PBXFileReference; lastKnownFileType = "compiled.mach-o.dylib"; name = libiomp5.dylib; path = ../../../../../../usr/local/Cellar/llvm/4.0.0/lib/libiomp5.dylib; sourceTree = "<group>"; };
		2C0386581E8CFC5600EF5F36 /* libgomp.dylib */ = {isa = PBXFileReference; lastKnownFileType = "compiled.mach-o.dylib"; name = libgomp.dylib; path = ../../../../../../usr/local/Cellar/llvm/4.0.0/lib/libgomp.dylib; sourceTree = "<group>"; };
		2C03865A1E8CFF3F00EF5F36 /* libomp.dylib */ = {isa = PBXFileReference; lastKnownFileType = "compiled.mach-o.dylib"; name = libomp.dylib; path = ../../../../../../usr/local/Cellar/llvm/4.0.0/lib/libomp.dylib; sourceTree = "<group>"; };
		2C84DAE11E8DA2BC003849EF /* sol.cpp */ = {isa = PBXFileReference; fileEncoding = 4; lastKnownFileType = sourcecode.cpp.cpp; path = sol.cpp; sourceTree = "<group>"; };
		2C84DAE31E8DA2D9003849EF /* sol.h */ = {isa = PBXFileReference; fileEncoding = 4; lastKnownFileType = sourcecode.c.h; path = sol.h; sourceTree = "<group>"; };
		2C84DAF41E8DA4E5003849EF /* Tests */ = {isa = PBXFileReference; explicitFileType = "compiled.mach-o.executable"; includeInIndex = 0; path = Tests; sourceTree = BUILT_PRODUCTS_DIR; };
		2C84DAF61E8DA4E5003849EF /* main.cpp */ = {isa = PBXFileReference; lastKnownFileType = sourcecode.cpp.cpp; path = main.cpp; sourceTree = "<group>"; };
		2C8C71EC1E882BA300F4379D /* Demonstration */ = {isa = PBXFileReference; explicitFileType = "compiled.mach-o.executable"; includeInIndex = 0; path = Demonstration; sourceTree = BUILT_PRODUCTS_DIR; };
		2C8C71EE1E882BA300F4379D /* main.cpp */ = {isa = PBXFileReference; lastKnownFileType = sourcecode.cpp.cpp; path = main.cpp; sourceTree = "<group>"; };
/* End PBXFileReference section */

/* Begin PBXFrameworksBuildPhase section */
		2C84DAF11E8DA4E5003849EF /* Frameworks */ = {
			isa = PBXFrameworksBuildPhase;
			buildActionMask = 2147483647;
			files = (
				2C84DAFB1E8DA547003849EF /* libiomp5.dylib in Frameworks */,
			);
			runOnlyForDeploymentPostprocessing = 0;
		};
		2C8C71E91E882BA300F4379D /* Frameworks */ = {
			isa = PBXFrameworksBuildPhase;
			buildActionMask = 2147483647;
			files = (
				2C7F4DE71E8D04E6003FE114 /* libiomp5.dylib in Frameworks */,
			);
			runOnlyForDeploymentPostprocessing = 0;
		};
/* End PBXFrameworksBuildPhase section */

/* Begin PBXGroup section */
		2C0386551E8CFA9400EF5F36 /* Frameworks */ = {
			isa = PBXGroup;
			children = (
				2C03865A1E8CFF3F00EF5F36 /* libomp.dylib */,
				2C0386581E8CFC5600EF5F36 /* libgomp.dylib */,
				2C0386561E8CFA9400EF5F36 /* libiomp5.dylib */,
			);
			name = Frameworks;
			sourceTree = "<group>";
		};
		2C84DAE01E8DA2BC003849EF /* Solution */ = {
			isa = PBXGroup;
			children = (
				2C84DAE11E8DA2BC003849EF /* sol.cpp */,
				2C84DAE31E8DA2D9003849EF /* sol.h */,
			);
			path = Solution;
			sourceTree = "<group>";
		};
		2C84DAF51E8DA4E5003849EF /* Tests */ = {
			isa = PBXGroup;
			children = (
				2C84DAF61E8DA4E5003849EF /* main.cpp */,
			);
			path = Tests;
			sourceTree = "<group>";
		};
		2C8C71D51E882B0B00F4379D = {
			isa = PBXGroup;
			children = (
				2C84DAE01E8DA2BC003849EF /* Solution */,
				2C8C71ED1E882BA300F4379D /* Demonstration */,
				2C84DAF51E8DA4E5003849EF /* Tests */,
				2C8C71DF1E882B0B00F4379D /* Products */,
				2C0386551E8CFA9400EF5F36 /* Frameworks */,
			);
			sourceTree = "<group>";
		};
		2C8C71DF1E882B0B00F4379D /* Products */ = {
			isa = PBXGroup;
			children = (
				2C8C71EC1E882BA300F4379D /* Demonstration */,
				2C84DAF41E8DA4E5003849EF /* Tests */,
			);
			name = Products;
			sourceTree = "<group>";
		};
		2C8C71ED1E882BA300F4379D /* Demonstration */ = {
			isa = PBXGroup;
			children = (
				2C8C71EE1E882BA300F4379D /* main.cpp */,
			);
			path = Demonstration;
			sourceTree = "<group>";
		};
/* End PBXGroup section */

/* Begin PBXNativeTarget section */
		2C84DAF31E8DA4E5003849EF /* Tests */ = {
			isa = PBXNativeTarget;
			buildConfigurationList = 2C84DAF81E8DA4E5003849EF /* Build configuration list for PBXNativeTarget "Tests" */;
			buildPhases = (
				2C84DAF01E8DA4E5003849EF /* Sources */,
				2C84DAF21E8DA4E5003849EF /* CopyFiles */,
				2C84DAF11E8DA4E5003849EF /* Frameworks */,
			);
			buildRules = (
			);
			dependencies = (
			);
			name = Tests;
			productName = Tests;
			productReference = 2C84DAF41E8DA4E5003849EF /* Tests */;
			productType = "com.apple.product-type.tool";
		};
		2C8C71EB1E882BA300F4379D /* Demonstration */ = {
			isa = PBXNativeTarget;
			buildConfigurationList = 2C8C71F01E882BA300F4379D /* Build configuration list for PBXNativeTarget "Demonstration" */;
			buildPhases = (
				2C8C71E81E882BA300F4379D /* Sources */,
				2C8C71E91E882BA300F4379D /* Frameworks */,
				2C8C71EA1E882BA300F4379D /* CopyFiles */,
			);
			buildRules = (
			);
			dependencies = (
			);
			name = Demonstration;
			productName = Demonstration;
			productReference = 2C8C71EC1E882BA300F4379D /* Demonstration */;
			productType = "com.apple.product-type.tool";
		};
/* End PBXNativeTarget section */

/* Begin PBXProject section */
		2C8C71D61E882B0B00F4379D /* Project object */ = {
			isa = PBXProject;
			attributes = {
				LastUpgradeCheck = 0820;
				ORGANIZATIONNAME = al1as;
				TargetAttributes = {
					2C84DAF31E8DA4E5003849EF = {
						CreatedOnToolsVersion = 8.2.1;
						ProvisioningStyle = Automatic;
					};
					2C8C71EB1E882BA300F4379D = {
						CreatedOnToolsVersion = 8.2.1;
						ProvisioningStyle = Automatic;
					};
				};
			};
			buildConfigurationList = 2C8C71D91E882B0B00F4379D /* Build configuration list for PBXProject "Prim algorithm" */;
			compatibilityVersion = "Xcode 3.2";
			developmentRegion = English;
			hasScannedForEncodings = 0;
			knownRegions = (
				en,
			);
			mainGroup = 2C8C71D51E882B0B00F4379D;
			productRefGroup = 2C8C71DF1E882B0B00F4379D /* Products */;
			projectDirPath = "";
			projectRoot = "";
			targets = (
				2C8C71EB1E882BA300F4379D /* Demonstration */,
				2C84DAF31E8DA4E5003849EF /* Tests */,
			);
		};
/* End PBXProject section */

/* Begin PBXSourcesBuildPhase section */
		2C84DAF01E8DA4E5003849EF /* Sources */ = {
			isa = PBXSourcesBuildPhase;
			buildActionMask = 2147483647;
			files = (
				2C84DAF71E8DA4E5003849EF /* main.cpp in Sources */,
				2C84DAFC1E8DA550003849EF /* sol.cpp in Sources */,
			);
			runOnlyForDeploymentPostprocessing = 0;
		};
		2C8C71E81E882BA300F4379D /* Sources */ = {
			isa = PBXSourcesBuildPhase;
			buildActionMask = 2147483647;
			files = (
				2C84DAE21E8DA2BC003849EF /* sol.cpp in Sources */,
				2C84DADB1E8DA202003849EF /* main.cpp in Sources */,
			);
			runOnlyForDeploymentPostprocessing = 0;
		};
/* End PBXSourcesBuildPhase section */

/* Begin XCBuildConfiguration section */
		2C84DAF91E8DA4E5003849EF /* Debug */ = {
			isa = XCBuildConfiguration;
			buildSettings = {
				CLANG_ENABLE_MODULES = NO;
				LD_RUNPATH_SEARCH_PATHS = /usr/local/opt/llvm/lib;
				LIBRARY_SEARCH_PATHS = (
					"$(inherited)",
					/usr/local/Cellar/llvm/4.0.0/lib,
				);
				PRODUCT_NAME = "$(TARGET_NAME)";
			};
			name = Debug;
		};
		2C84DAFA1E8DA4E5003849EF /* Release */ = {
			isa = XCBuildConfiguration;
			buildSettings = {
				CLANG_ENABLE_MODULES = NO;
				LD_RUNPATH_SEARCH_PATHS = /usr/local/opt/llvm/lib;
				LIBRARY_SEARCH_PATHS = (
					"$(inherited)",
					/usr/local/Cellar/llvm/4.0.0/lib,
				);
				PRODUCT_NAME = "$(TARGET_NAME)";
			};
			name = Release;
		};
		2C8C71E31E882B0B00F4379D /* Debug */ = {
			isa = XCBuildConfiguration;
			buildSettings = {
				ALWAYS_SEARCH_USER_PATHS = NO;
				CC = /usr/local/opt/llvm/bin/clang;
				CLANG_ANALYZER_NONNULL = YES;
				CLANG_CXX_LANGUAGE_STANDARD = "gnu++0x";
				CLANG_CXX_LIBRARY = "libc++";
				CLANG_ENABLE_MODULES = NO;
				CLANG_ENABLE_OBJC_ARC = YES;
				CLANG_WARN_BOOL_CONVERSION = YES;
				CLANG_WARN_CONSTANT_CONVERSION = YES;
				CLANG_WARN_DIRECT_OBJC_ISA_USAGE = YES_ERROR;
				CLANG_WARN_DOCUMENTATION_COMMENTS = YES;
				CLANG_WARN_EMPTY_BODY = YES;
				CLANG_WARN_ENUM_CONVERSION = YES;
				CLANG_WARN_INFINITE_RECURSION = YES;
				CLANG_WARN_INT_CONVERSION = YES;
				CLANG_WARN_OBJC_ROOT_CLASS = YES_ERROR;
				CLANG_WARN_SUSPICIOUS_MOVE = YES;
				CLANG_WARN_UNREACHABLE_CODE = YES;
				CLANG_WARN__DUPLICATE_METHOD_MATCH = YES;
				CODE_SIGN_IDENTITY = "-";
				COPY_PHASE_STRIP = NO;
				DEBUG_INFORMATION_FORMAT = dwarf;
				ENABLE_STRICT_OBJC_MSGSEND = YES;
				ENABLE_TESTABILITY = YES;
				GCC_C_LANGUAGE_STANDARD = gnu99;
				GCC_DYNAMIC_NO_PIC = NO;
				GCC_NO_COMMON_BLOCKS = YES;
				GCC_OPTIMIZATION_LEVEL = 0;
				GCC_PREPROCESSOR_DEFINITIONS = (
					"DEBUG=1",
					"$(inherited)",
				);
				GCC_WARN_64_TO_32_BIT_CONVERSION = YES;
				GCC_WARN_ABOUT_RETURN_TYPE = YES_ERROR;
				GCC_WARN_UNDECLARED_SELECTOR = YES;
				GCC_WARN_UNINITIALIZED_AUTOS = YES_AGGRESSIVE;
				GCC_WARN_UNUSED_FUNCTION = YES;
				GCC_WARN_UNUSED_VARIABLE = YES;
				HEADER_SEARCH_PATHS = /usr/local/opt/llvm/lib/clang/4.0.0/include;
				LIBRARY_SEARCH_PATHS = /usr/local/opt/llvm/lib;
				MACOSX_DEPLOYMENT_TARGET = 10.11;
				MTL_ENABLE_DEBUG_INFO = YES;
				ONLY_ACTIVE_ARCH = YES;
				OTHER_CFLAGS = "-fopenmp";
				SDKROOT = macosx;
			};
			name = Debug;
		};
		2C8C71E41E882B0B00F4379D /* Release */ = {
			isa = XCBuildConfiguration;
			buildSettings = {
				ALWAYS_SEARCH_USER_PATHS = NO;
				CC = /usr/local/opt/llvm/bin/clang;
				CLANG_ANALYZER_NONNULL = YES;
				CLANG_CXX_LANGUAGE_STANDARD = "gnu++0x";
				CLANG_CXX_LIBRARY = "libc++";
				CLANG_ENABLE_MODULES = NO;
				CLANG_ENABLE_OBJC_ARC = YES;
				CLANG_WARN_BOOL_CONVERSION = YES;
				CLANG_WARN_CONSTANT_CONVERSION = YES;
				CLANG_WARN_DIRECT_OBJC_ISA_USAGE = YES_ERROR;
				CLANG_WARN_DOCUMENTATION_COMMENTS = YES;
				CLANG_WARN_EMPTY_BODY = YES;
				CLANG_WARN_ENUM_CONVERSION = YES;
				CLANG_WARN_INFINITE_RECURSION = YES;
				CLANG_WARN_INT_CONVERSION = YES;
				CLANG_WARN_OBJC_ROOT_CLASS = YES_ERROR;
				CLANG_WARN_SUSPICIOUS_MOVE = YES;
				CLANG_WARN_UNREACHABLE_CODE = YES;
				CLANG_WARN__DUPLICATE_METHOD_MATCH = YES;
				CODE_SIGN_IDENTITY = "-";
				COPY_PHASE_STRIP = NO;
				DEBUG_INFORMATION_FORMAT = "dwarf-with-dsym";
				ENABLE_NS_ASSERTIONS = NO;
				ENABLE_STRICT_OBJC_MSGSEND = YES;
				GCC_C_LANGUAGE_STANDARD = gnu99;
				GCC_NO_COMMON_BLOCKS = YES;
				GCC_WARN_64_TO_32_BIT_CONVERSION = YES;
				GCC_WARN_ABOUT_RETURN_TYPE = YES_ERROR;
				GCC_WARN_UNDECLARED_SELECTOR = YES;
				GCC_WARN_UNINITIALIZED_AUTOS = YES_AGGRESSIVE;
				GCC_WARN_UNUSED_FUNCTION = YES;
				GCC_WARN_UNUSED_VARIABLE = YES;
				HEADER_SEARCH_PATHS = /usr/local/opt/llvm/lib/clang/4.0.0/include;
				LIBRARY_SEARCH_PATHS = /usr/local/opt/llvm/lib;
				MACOSX_DEPLOYMENT_TARGET = 10.11;
				MTL_ENABLE_DEBUG_INFO = NO;
				OTHER_CFLAGS = "-fopenmp";
				SDKROOT = macosx;
			};
			name = Release;
		};
		2C8C71F11E882BA300F4379D /* Debug */ = {
			isa = XCBuildConfiguration;
			buildSettings = {
				CC = /usr/local/opt/llvm/bin/clang;
				HEADER_SEARCH_PATHS = /usr/local/opt/llvm/lib/clang/4.0.0/include;
				LD_RUNPATH_SEARCH_PATHS = /usr/local/opt/llvm/lib;
				LIBRARY_SEARCH_PATHS = (
					"$(inherited)",
					/usr/local/opt/llvm/lib,
					/usr/local/Cellar/llvm/4.0.0/lib,
				);
				PRODUCT_NAME = "$(TARGET_NAME)";
			};
			name = Debug;
		};
		2C8C71F21E882BA300F4379D /* Release */ = {
			isa = XCBuildConfiguration;
			buildSettings = {
				CC = /usr/local/opt/llvm/bin/clang;
				HEADER_SEARCH_PATHS = /usr/local/opt/llvm/lib/clang/4.0.0/include;
				LD_RUNPATH_SEARCH_PATHS = /usr/local/opt/llvm/lib;
				LIBRARY_SEARCH_PATHS = (
					"$(inherited)",
					/usr/local/opt/llvm/lib,
					/usr/local/Cellar/llvm/4.0.0/lib,
				);
				PRODUCT_NAME = "$(TARGET_NAME)";
			};
			name = Release;
		};
/* End XCBuildConfiguration section */

/* Begin XCConfigurationList section */
		2C84DAF81E8DA4E5003849EF /* Build configuration list for PBXNativeTarget "Tests" */ = {
			isa = XCConfigurationList;
			buildConfigurations = (
				2C84DAF91E8DA4E5003849EF /* Debug */,
				2C84DAFA1E8DA4E5003849EF /* Release */,
			);
			defaultConfigurationIsVisible = 0;
		};
		2C8C71D91E882B0B00F4379D /* Build configuration list for PBXProject "Prim algorithm" */ = {
			isa = XCConfigurationList;
			buildConfigurations = (
				2C8C71E31E882B0B00F4379D /* Debug */,
				2C8C71E41E882B0B00F4379D /* Release */,
			);
			defaultConfigurationIsVisible = 0;
			defaultConfigurationName = Release;
		};
		2C8C71F01E882BA300F4379D /* Build configuration list for PBXNativeTarget "Demonstration" */ = {
			isa = XCConfigurationList;
			buildConfigurations = (
				2C8C71F11E882BA300F4379D /* Debug */,
				2C8C71F21E882BA300F4379D /* Release */,
			);
			defaultConfigurationIsVisible = 0;
			defaultConfigurationName = Release;
		};
/* End XCConfigurationList section */
	};
	rootObject = 2C8C71D61E882B0B00F4379D /* Project object */;
}
